
Microsoft Visual Studio Solution File, Format Version 12.00
# Visual Studio 2013
VisualStudioVersion = 12.0.21005.1
MinimumVisualStudioVersion = 10.0.40219.1
Project("{FAE04EC0-301F-11D3-BF4B-00C04F79EFBC}") = "GestioneAreeCritiche", "GestioneAreeCritiche\GestioneAreeCritiche.csproj", "{78DE0BFA-3826-43DE-AEA2-BE86DAD0AD7A}"
EndProject
Project("{FAE04EC0-301F-11D3-BF4B-00C04F79EFBC}") = "XmlUmcConverter", "XmlUmcConverter\XmlUmcConverter.csproj", "{8EB05A1F-2B64-4516-A786-7BD561436A10}"
EndProject
Global
	GlobalSection(SolutionConfigurationPlatforms) = preSolution
		Debug|Any CPU = Debug|Any CPU
		Release|Any CPU = Release|Any CPU
	EndGlobalSection
	GlobalSection(ProjectConfigurationPlatforms) = postSolution
		{78DE0BFA-3826-43DE-AEA2-BE86DAD0AD7A}.Debug|Any CPU.ActiveCfg = Debug|Any CPU
		{78DE0BFA-3826-43DE-AEA2-BE86DAD0AD7A}.Debug|Any CPU.Build.0 = Debug|Any CPU
		{78DE0BFA-3826-43DE-AEA2-BE86DAD0AD7A}.Release|Any CPU.ActiveCfg = Release|Any CPU
		{78DE0BFA-3826-43DE-AEA2-BE86DAD0AD7A}.Release|Any CPU.Build.0 = Release|Any CPU
		{8EB05A1F-2B64-4516-A786-7BD561436A10}.Debug|Any CPU.ActiveCfg = Debug|Any CPU
		{8EB05A1F-2B64-4516-A786-7BD561436A10}.Debug|Any CPU.Build.0 = Debug|Any CPU
		{8EB05A1F-2B64-4516-A786-7BD561436A10}.Release|Any CPU.ActiveCfg = Release|Any CPU
		{8EB05A1F-2B64-4516-A786-7BD561436A10}.Release|Any CPU.Build.0 = Release|Any CPU
	EndGlobalSection
	GlobalSection(SolutionProperties) = preSolution
		HideSolutionNode = FALSE
	EndGlobalSection
EndGlobal
